// !$*UTF8*$!
{
	archiveVersion = 1;
	classes = {
	};
	objectVersion = 50;
	objects = {

/* Begin PBXBuildFile section */
		240B5B6221956C3D0089295D /* AppDelegate.swift in Sources */ = {isa = PBXBuildFile; fileRef = 240B5B6121956C3D0089295D /* AppDelegate.swift */; };
		240B5B6421956C3D0089295D /* ViewController.swift in Sources */ = {isa = PBXBuildFile; fileRef = 240B5B6321956C3D0089295D /* ViewController.swift */; };
		240B5B6721956C3D0089295D /* Main.storyboard in Resources */ = {isa = PBXBuildFile; fileRef = 240B5B6521956C3D0089295D /* Main.storyboard */; };
		240B5B6921956C570089295D /* Assets.xcassets in Resources */ = {isa = PBXBuildFile; fileRef = 240B5B6821956C570089295D /* Assets.xcassets */; };
		240B5B6C21956C570089295D /* LaunchScreen.storyboard in Resources */ = {isa = PBXBuildFile; fileRef = 240B5B6A21956C570089295D /* LaunchScreen.storyboard */; };
		240B5B7421956C570089295D /* CircleView.swift in Sources */ = {isa = PBXBuildFile; fileRef = 240B5B7321956C570089295D /* CircleView.swift */; };
/* End PBXBuildFile section */

/* Begin PBXFileReference section */
		240B5B5E21956C3D0089295D /* NinthWeekwork.app */ = {isa = PBXFileReference; explicitFileType = wrapper.application; includeInIndex = 0; path = NinthWeekwork.app; sourceTree = BUILT_PRODUCTS_DIR; };
		240B5B6121956C3D0089295D /* AppDelegate.swift */ = {isa = PBXFileReference; lastKnownFileType = sourcecode.swift; path = AppDelegate.swift; sourceTree = "<group>"; };
		240B5B6321956C3D0089295D /* ViewController.swift */ = {isa = PBXFileReference; lastKnownFileType = sourcecode.swift; path = ViewController.swift; sourceTree = "<group>"; };
		240B5B6621956C3D0089295D /* Base */ = {isa = PBXFileReference; lastKnownFileType = file.storyboard; name = Base; path = Base.lproj/Main.storyboard; sourceTree = "<group>"; };
		240B5B6821956C570089295D /* Assets.xcassets */ = {isa = PBXFileReference; lastKnownFileType = folder.assetcatalog; path = Assets.xcassets; sourceTree = "<group>"; };
		240B5B6B21956C570089295D /* Base */ = {isa = PBXFileReference; lastKnownFileType = file.storyboard; name = Base; path = Base.lproj/LaunchScreen.storyboard; sourceTree = "<group>"; };
		240B5B6D21956C570089295D /* Info.plist */ = {isa = PBXFileReference; lastKnownFileType = text.plist.xml; path = Info.plist; sourceTree = "<group>"; };
		240B5B7321956C570089295D /* CircleView.swift */ = {isa = PBXFileReference; fileEncoding = 4; lastKnownFileType = sourcecode.swift; name = CircleView.swift; path = "../../../../Desktop/模拟/Gesture(老师演示)/Gesture/CircleView.swift"; sourceTree = "<group>"; };
/* End PBXFileReference section */

/* Begin PBXFrameworksBuildPhase section */
		240B5B5B21956C3D0089295D /* Frameworks */ = {
			isa = PBXFrameworksBuildPhase;
			buildActionMask = 2147483647;
			files = (
			);
			runOnlyForDeploymentPostprocessing = 0;
		};
/* End PBXFrameworksBuildPhase section */

/* Begin PBXGroup section */
		240B5B5521956C3C0089295D = {
			isa = PBXGroup;
			children = (
				240B5B6021956C3D0089295D /* NinthWeekwork */,
				240B5B5F21956C3D0089295D /* Products */,
			);
			sourceTree = "<group>";
		};
		240B5B5F21956C3D0089295D /* Products */ = {
			isa = PBXGroup;
			children = (
				240B5B5E21956C3D0089295D /* NinthWeekwork.app */,
			);
			name = Products;
			sourceTree = "<group>";
		};
		240B5B6021956C3D0089295D /* NinthWeekwork */ = {
			isa = PBXGroup;
			children = (
				240B5B6121956C3D0089295D /* AppDelegate.swift */,
				240B5B6321956C3D0089295D /* ViewController.swift */,
				240B5B6521956C3D0089295D /* Main.storyboard */,
				240B5B7321956C570089295D /* CircleView.swift */,
				240B5B6821956C570089295D /* Assets.xcassets */,
				240B5B6A21956C570089295D /* LaunchScreen.storyboard */,
				240B5B6D21956C570089295D /* Info.plist */,
			);
			path = NinthWeekwork;
			sourceTree = "<group>";
		};
/* End PBXGroup section */

/* Begin PBXNativeTarget section */
		240B5B5D21956C3D0089295D /* NinthWeekwork */ = {
			isa = PBXNativeTarget;
			buildConfigurationList = 240B5B7021956C570089295D /* Build configuration list for PBXNativeTarget "NinthWeekwork" */;
			buildPhases = (
				240B5B5A21956C3D0089295D /* Sources */,
				240B5B5B21956C3D0089295D /* Frameworks */,
				240B5B5C21956C3D0089295D /* Resources */,
			);
			buildRules = (
			);
			dependencies = (
			);
			name = NinthWeekwork;
			productName = NinthWeekwork;
			productReference = 240B5B5E21956C3D0089295D /* NinthWeekwork.app */;
			productType = "com.apple.product-type.application";
		};
/* End PBXNativeTarget section */

/* Begin PBXProject section */
		240B5B5621956C3C0089295D /* Project object */ = {
			isa = PBXProject;
			attributes = {
				LastSwiftUpdateCheck = 0940;
				LastUpgradeCheck = 0940;
				ORGANIZATIONNAME = "范云翼";
				TargetAttributes = {
					240B5B5D21956C3D0089295D = {
						CreatedOnToolsVersion = 9.4.1;
					};
				};
			};
			buildConfigurationList = 240B5B5921956C3C0089295D /* Build configuration list for PBXProject "NinthWeekwork" */;
			compatibilityVersion = "Xcode 9.3";
			developmentRegion = en;
			hasScannedForEncodings = 0;
			knownRegions = (
				en,
				Base,
			);
			mainGroup = 240B5B5521956C3C0089295D;
			productRefGroup = 240B5B5F21956C3D0089295D /* Products */;
			projectDirPath = "";
			projectRoot = "";
			targets = (
				240B5B5D21956C3D0089295D /* NinthWeekwork */,
			);
		};
/* End PBXProject section */

/* Begin PBXResourcesBuildPhase section */
		240B5B5C21956C3D0089295D /* Resources */ = {
			isa = PBXResourcesBuildPhase;
			buildActionMask = 2147483647;
			files = (
				240B5B6C21956C570089295D /* LaunchScreen.storyboard in Resources */,
				240B5B6921956C570089295D /* Assets.xcassets in Resources */,
				240B5B6721956C3D0089295D /* Main.storyboard in Resources */,
			);
			runOnlyForDeploymentPostprocessing = 0;
		};
/* End PBXResourcesBuildPhase section */

/* Begin PBXSourcesBuildPhase section */
		240B5B5A21956C3D0089295D /* Sources */ = {
			isa = PBXSourcesBuildPhase;
			buildActionMask = 2147483647;
			files = (
				240B5B7421956C570089295D /* CircleView.swift in Sources */,
				240B5B6421956C3D0089295D /* ViewController.swift in Sources */,
				240B5B6221956C3D0089295D /* AppDelegate.swift in Sources */,
			);
			runOnlyForDeploymentPostprocessing = 0;
		};
/* End PBXSourcesBuildPhase section */

/* Begin PBXVariantGroup section */
		240B5B6521956C3D0089295D /* Main.storyboard */ = {
			isa = PBXVariantGroup;
			children = (
				240B5B6621956C3D0089295D /* Base */,
			);
			name = Main.storyboard;
			sourceTree = "<group>";
		};
		240B5B6A21956C570089295D /* LaunchScreen.storyboard */ = {
			isa = PBXVariantGroup;
			children = (
				240B5B6B21956C570089295D /* Base */,
			);
			name = LaunchScreen.storyboard;
			sourceTree = "<group>";
		};
/* End PBXVariantGroup section */

/* Begin XCBuildConfiguration section */
		240B5B6E21956C570089295D /* Debug */ = {
			isa = XCBuildConfiguration;
			buildSettings = {
				ALWAYS_SEARCH_USER_PATHS = NO;
				CLANG_ANALYZER_NONNULL = YES;
				CLANG_ANALYZER_NUMBER_OBJECT_CONVERSION = YES_AGGRESSIVE;
				CLANG_CXX_LANGUAGE_STANDARD = "gnu++14";
				CLANG_CXX_LIBRARY = "libc++";
				CLANG_ENABLE_MODULES = YES;
				CLANG_ENABLE_OBJC_ARC = YES;
				CLANG_ENABLE_OBJC_WEAK = YES;
				CLANG_WARN_BLOCK_CAPTURE_AUTORELEASING = YES;
				CLANG_WARN_BOOL_CONVERSION = YES;
				CLANG_WARN_COMMA = YES;
				CLANG_WARN_CONSTANT_CONVERSION = YES;
				CLANG_WARN_DEPRECATED_OBJC_IMPLEMENTATIONS = YES;
				CLANG_WARN_DIRECT_OBJC_ISA_USAGE = YES_ERROR;
				CLANG_WARN_DOCUMENTATION_COMMENTS = YES;
				CLANG_WARN_EMPTY_BODY = YES;
				CLANG_WARN_ENUM_CONVERSION = YES;
				CLANG_WARN_INFINITE_RECURSION = YES;
				CLANG_WARN_INT_CONVERSION = YES;
				CLANG_WARN_NON_LITERAL_NULL_CONVERSION = YES;
				CLANG_WARN_OBJC_IMPLICIT_RETAIN_SELF = YES;
				CLANG_WARN_OBJC_LITERAL_CONVERSION = YES;
				CLANG_WARN_OBJC_ROOT_CLASS = YES_ERROR;
				CLANG_WARN_RANGE_LOOP_ANALYSIS = YES;
				CLANG_WARN_STRICT_PROTOTYPES = YES;
				CLANG_WARN_SUSPICIOUS_MOVE = YES;
				CLANG_WARN_UNGUARDED_AVAILABILITY = YES_AGGRESSIVE;
				CLANG_WARN_UNREACHABLE_CODE = YES;
				CLANG_WARN__DUPLICATE_METHOD_MATCH = YES;
				CODE_SIGN_IDENTITY = "iPhone Developer";
				COPY_PHASE_STRIP = NO;
				DEBUG_INFORMATION_FORMAT = dwarf;
				ENABLE_STRICT_OBJC_MSGSEND = YES;
				ENABLE_TESTABILITY = YES;
				GCC_C_LANGUAGE_STANDARD = gnu11;
				GCC_DYNAMIC_NO_PIC = NO;
				GCC_NO_COMMON_BLOCKS = YES;
				GCC_OPTIMIZATION_LEVEL = 0;
				GCC_PREPROCESSOR_DEFINITIONS = (
					"DEBUG=1",
					"$(inherited)",
				);
				GCC_WARN_64_TO_32_BIT_CONVERSION = YES;
				GCC_WARN_ABOUT_RETURN_TYPE = YES_ERROR;
				GCC_WARN_UNDECLARED_SELECTOR = YES;
				GCC_WARN_UNINITIALIZED_AUTOS = YES_AGGRESSIVE;
				GCC_WARN_UNUSED_FUNCTION = YES;
				GCC_WARN_UNUSED_VARIABLE = YES;
				IPHONEOS_DEPLOYMENT_TARGET = 11.4;
				MTL_ENABLE_DEBUG_INFO = YES;
				ONLY_ACTIVE_ARCH = YES;
				SDKROOT = iphoneos;
				SWIFT_ACTIVE_COMPILATION_CONDITIONS = DEBUG;
				SWIFT_OPTIMIZATION_LEVEL = "-Onone";
			};
			name = Debug;
		};
		240B5B6F21956C570089295D /* Release */ = {
			isa = XCBuildConfiguration;
			buildSettings = {
				ALWAYS_SEARCH_USER_PATHS = NO;
				CLANG_ANALYZER_NONNULL = YES;
				CLANG_ANALYZER_NUMBER_OBJECT_CONVERSION = YES_AGGRESSIVE;
				CLANG_CXX_LANGUAGE_STANDARD = "gnu++14";
				CLANG_CXX_LIBRARY = "libc++";
				CLANG_ENABLE_MODULES = YES;
				CLANG_ENABLE_OBJC_ARC = YES;
				CLANG_ENABLE_OBJC_WEAK = YES;
				CLANG_WARN_BLOCK_CAPTURE_AUTORELEASING = YES;
				CLANG_WARN_BOOL_CONVERSION = YES;
				CLANG_WARN_COMMA = YES;
				CLANG_WARN_CONSTANT_CONVERSION = YES;
				CLANG_WARN_DEPRECATED_OBJC_IMPLEMENTATIONS = YES;
				CLANG_WARN_DIRECT_OBJC_ISA_USAGE = YES_ERROR;
				CLANG_WARN_DOCUMENTATION_COMMENTS = YES;
				CLANG_WARN_EMPTY_BODY = YES;
				CLANG_WARN_ENUM_CONVERSION = YES;
				CLANG_WARN_INFINITE_RECURSION = YES;
				CLANG_WARN_INT_CONVERSION = YES;
				CLANG_WARN_NON_LITERAL_NULL_CONVERSION = YES;
				CLANG_WARN_OBJC_IMPLICIT_RETAIN_SELF = YES;
				CLANG_WARN_OBJC_LITERAL_CONVERSION = YES;
				CLANG_WARN_OBJC_ROOT_CLASS = YES_ERROR;
				CLANG_WARN_RANGE_LOOP_ANALYSIS = YES;
				CLANG_WARN_STRICT_PROTOTYPES = YES;
				CLANG_WARN_SUSPICIOUS_MOVE = YES;
				CLANG_WARN_UNGUARDED_AVAILABILITY = YES_AGGRESSIVE;
				CLANG_WARN_UNREACHABLE_CODE = YES;
				CLANG_WARN__DUPLICATE_METHOD_MATCH = YES;
				CODE_SIGN_IDENTITY = "iPhone Developer";
				COPY_PHASE_STRIP = NO;
				DEBUG_INFORMATION_FORMAT = "dwarf-with-dsym";
				ENABLE_NS_ASSERTIONS = NO;
				ENABLE_STRICT_OBJC_MSGSEND = YES;
				GCC_C_LANGUAGE_STANDARD = gnu11;
				GCC_NO_COMMON_BLOCKS = YES;
				GCC_WARN_64_TO_32_BIT_CONVERSION = YES;
				GCC_WARN_ABOUT_RETURN_TYPE = YES_ERROR;
				GCC_WARN_UNDECLARED_SELECTOR = YES;
				GCC_WARN_UNINITIALIZED_AUTOS = YES_AGGRESSIVE;
				GCC_WARN_UNUSED_FUNCTION = YES;
				GCC_WARN_UNUSED_VARIABLE = YES;
				IPHONEOS_DEPLOYMENT_TARGET = 11.4;
				MTL_ENABLE_DEBUG_INFO = NO;
				SDKROOT = iphoneos;
				SWIFT_COMPILATION_MODE = wholemodule;
				SWIFT_OPTIMIZATION_LEVEL = "-O";
				VALIDATE_PRODUCT = YES;
			};
			name = Release;
		};
		240B5B7121956C570089295D /* Debug */ = {
			isa = XCBuildConfiguration;
			buildSettings = {
				ASSETCATALOG_COMPILER_APPICON_NAME = AppIcon;
				CODE_SIGN_STYLE = Automatic;
				DEVELOPMENT_TEAM = H9H9KF2377;
				INFOPLIST_FILE = NinthWeekwork/Info.plist;
				LD_RUNPATH_SEARCH_PATHS = (
					"$(inherited)",
					"@executable_path/Frameworks",
				);
				PRODUCT_BUNDLE_IDENTIFIER = "-016110305.NinthWeekwork";
				PRODUCT_NAME = "$(TARGET_NAME)";
				SWIFT_VERSION = 4.0;
				TARGETED_DEVICE_FAMILY = "1,2";
			};
			name = Debug;
		};
		240B5B7221956C570089295D /* Release */ = {
			isa = XCBuildConfiguration;
			buildSettings = {
				ASSETCATALOG_COMPILER_APPICON_NAME = AppIcon;
				CODE_SIGN_STYLE = Automatic;
				DEVELOPMENT_TEAM = H9H9KF2377;
				INFOPLIST_FILE = NinthWeekwork/Info.plist;
				LD_RUNPATH_SEARCH_PATHS = (
					"$(inherited)",
					"@executable_path/Frameworks",
				);
				PRODUCT_BUNDLE_IDENTIFIER = "-016110305.NinthWeekwork";
				PRODUCT_NAME = "$(TARGET_NAME)";
				SWIFT_VERSION = 4.0;
				TARGETED_DEVICE_FAMILY = "1,2";
			};
			name = Release;
		};
/* End XCBuildConfiguration section */

/* Begin XCConfigurationList section */
		240B5B5921956C3C0089295D /* Build configuration list for PBXProject "NinthWeekwork" */ = {
			isa = XCConfigurationList;
			buildConfigurations = (
				240B5B6E21956C570089295D /* Debug */,
				240B5B6F21956C570089295D /* Release */,
			);
			defaultConfigurationIsVisible = 0;
			defaultConfigurationName = Release;
		};
		240B5B7021956C570089295D /* Build configuration list for PBXNativeTarget "NinthWeekwork" */ = {
			isa = XCConfigurationList;
			buildConfigurations = (
				240B5B7121956C570089295D /* Debug */,
				240B5B7221956C570089295D /* Release */,
			);
			defaultConfigurationIsVisible = 0;
			defaultConfigurationName = Release;
		};
/* End XCConfigurationList section */
	};
	rootObject = 240B5B5621956C3C0089295D /* Project object */;
}
